{
  "name": "@subsquid/hydra-indexer",
  "version": "5.0.0-alpha.24",
  "lockfileVersion": 1,
  "requires": true,
  "dependencies": {
    "@types/node": {
      "version": "17.0.14",
      "resolved": "https://registry.npmjs.org/@types/node/-/node-17.0.14.tgz",
      "integrity": "sha512-SbjLmERksKOGzWzPNuW7fJM7fk3YXVTFiZWB/Hs99gwhk+/dnrQRPBQjPW9aO+fi1tAffi9PrwFvsmOKmDTyng==",
      "dev": true
    },
    "@types/stoppable": {
      "version": "1.1.1",
      "resolved": "https://registry.npmjs.org/@types/stoppable/-/stoppable-1.1.1.tgz",
      "integrity": "sha512-b8N+fCADRIYYrGZOcmOR8ZNBOqhktWTB/bMUl5LvGtT201QKJZOOH5UsFyI3qtteM6ZAJbJqZoBcLqqxKIwjhw==",
      "dev": true,
      "requires": {
        "@types/node": "*"
      }
    }
  }
}
